
Microsoft Visual Studio Solution File, Format Version 12.00
# Visual Studio Version 17
VisualStudioVersion = 17.2.32526.322
MinimumVisualStudioVersion = 10.0.40219.1
Project("{FAE04EC0-301F-11D3-BF4B-00C04F79EFBC}") = "JHA", "JHA\JHA.csproj", "{CBF3031E-F7AB-45F3-928A-3BBDCB6AC65A}"
EndProject
Project("{FAE04EC0-301F-11D3-BF4B-00C04F79EFBC}") = "SampleService", "SampleService\SampleService.csproj", "{CA3B8107-03F2-40AC-B7CD-96377DBD31E8}"
EndProject
Project("{FAE04EC0-301F-11D3-BF4B-00C04F79EFBC}") = "ProcessService", "ProcessService\ProcessService.csproj", "{CFB62472-8251-472A-BC60-6D1214942AB6}"
EndProject
Project("{2150E333-8FDC-42A3-9474-1A3956D46DE8}") = "Solution Items", "Solution Items", "{4A909699-EBC8-4E04-B6B1-28A52CDC0690}"
	ProjectSection(SolutionItems) = preProject
		docker-compose.yml = docker-compose.yml
	EndProjectSection
EndProject
Project("{FAE04EC0-301F-11D3-BF4B-00C04F79EFBC}") = "SharedLibrary", "SharedLibrary\SharedLibrary.csproj", "{B989401E-118A-44E2-9126-9CB48B757AC5}"
EndProject
Project("{FAE04EC0-301F-11D3-BF4B-00C04F79EFBC}") = "UnitTesting", "UnitTesting\UnitTesting.csproj", "{F9CD0EF7-A335-468A-ABB5-0F5A0C58ABB8}"
EndProject
Global
	GlobalSection(SolutionConfigurationPlatforms) = preSolution
		Debug|Any CPU = Debug|Any CPU
		Release|Any CPU = Release|Any CPU
	EndGlobalSection
	GlobalSection(ProjectConfigurationPlatforms) = postSolution
		{CBF3031E-F7AB-45F3-928A-3BBDCB6AC65A}.Debug|Any CPU.ActiveCfg = Debug|Any CPU
		{CBF3031E-F7AB-45F3-928A-3BBDCB6AC65A}.Debug|Any CPU.Build.0 = Debug|Any CPU
		{CBF3031E-F7AB-45F3-928A-3BBDCB6AC65A}.Release|Any CPU.ActiveCfg = Release|Any CPU
		{CBF3031E-F7AB-45F3-928A-3BBDCB6AC65A}.Release|Any CPU.Build.0 = Release|Any CPU
		{CA3B8107-03F2-40AC-B7CD-96377DBD31E8}.Debug|Any CPU.ActiveCfg = Debug|Any CPU
		{CA3B8107-03F2-40AC-B7CD-96377DBD31E8}.Debug|Any CPU.Build.0 = Debug|Any CPU
		{CA3B8107-03F2-40AC-B7CD-96377DBD31E8}.Release|Any CPU.ActiveCfg = Release|Any CPU
		{CA3B8107-03F2-40AC-B7CD-96377DBD31E8}.Release|Any CPU.Build.0 = Release|Any CPU
		{CFB62472-8251-472A-BC60-6D1214942AB6}.Debug|Any CPU.ActiveCfg = Debug|Any CPU
		{CFB62472-8251-472A-BC60-6D1214942AB6}.Debug|Any CPU.Build.0 = Debug|Any CPU
		{CFB62472-8251-472A-BC60-6D1214942AB6}.Release|Any CPU.ActiveCfg = Release|Any CPU
		{CFB62472-8251-472A-BC60-6D1214942AB6}.Release|Any CPU.Build.0 = Release|Any CPU
		{B989401E-118A-44E2-9126-9CB48B757AC5}.Debug|Any CPU.ActiveCfg = Debug|Any CPU
		{B989401E-118A-44E2-9126-9CB48B757AC5}.Debug|Any CPU.Build.0 = Debug|Any CPU
		{B989401E-118A-44E2-9126-9CB48B757AC5}.Release|Any CPU.ActiveCfg = Release|Any CPU
		{B989401E-118A-44E2-9126-9CB48B757AC5}.Release|Any CPU.Build.0 = Release|Any CPU
		{F9CD0EF7-A335-468A-ABB5-0F5A0C58ABB8}.Debug|Any CPU.ActiveCfg = Debug|Any CPU
		{F9CD0EF7-A335-468A-ABB5-0F5A0C58ABB8}.Debug|Any CPU.Build.0 = Debug|Any CPU
		{F9CD0EF7-A335-468A-ABB5-0F5A0C58ABB8}.Release|Any CPU.ActiveCfg = Release|Any CPU
		{F9CD0EF7-A335-468A-ABB5-0F5A0C58ABB8}.Release|Any CPU.Build.0 = Release|Any CPU
	EndGlobalSection
	GlobalSection(SolutionProperties) = preSolution
		HideSolutionNode = FALSE
	EndGlobalSection
	GlobalSection(ExtensibilityGlobals) = postSolution
		SolutionGuid = {FE9D7E0F-5F3B-48E1-820E-F89501C5CC04}
	EndGlobalSection
EndGlobal
